
Microsoft Visual Studio Solution File, Format Version 12.00
# Visual Studio Version 16
VisualStudioVersion = 16.0.30413.136
MinimumVisualStudioVersion = 10.0.40219.1
Project("{FAE04EC0-301F-11D3-BF4B-00C04F79EFBC}") = "Oracle_WindowsFormsApp", "Oracle_WindowsFormsApp\Oracle_WindowsFormsApp.csproj", "{37BED2BD-3674-48AB-A1D3-6B0336FE8707}"
EndProject
Global
	GlobalSection(SolutionConfigurationPlatforms) = preSolution
		Debug|Any CPU = Debug|Any CPU
		Release|Any CPU = Release|Any CPU
	EndGlobalSection
	GlobalSection(ProjectConfigurationPlatforms) = postSolution
		{37BED2BD-3674-48AB-A1D3-6B0336FE8707}.Debug|Any CPU.ActiveCfg = Debug|Any CPU
		{37BED2BD-3674-48AB-A1D3-6B0336FE8707}.Debug|Any CPU.Build.0 = Debug|Any CPU
		{37BED2BD-3674-48AB-A1D3-6B0336FE8707}.Release|Any CPU.ActiveCfg = Release|Any CPU
		{37BED2BD-3674-48AB-A1D3-6B0336FE8707}.Release|Any CPU.Build.0 = Release|Any CPU
	EndGlobalSection
	GlobalSection(SolutionProperties) = preSolution
		HideSolutionNode = FALSE
	EndGlobalSection
	GlobalSection(ExtensibilityGlobals) = postSolution
		SolutionGuid = {C7F08724-D607-4EE5-BEF5-08FEE2D27875}
	EndGlobalSection
EndGlobal
