
Microsoft Visual Studio Solution File, Format Version 12.00
# Visual Studio Version 16
VisualStudioVersion = 16.0.30523.141
MinimumVisualStudioVersion = 10.0.40219.1
Project("{FAE04EC0-301F-11D3-BF4B-00C04F79EFBC}") = "GET_MAC_TEST", "GET_MAC_TEST\GET_MAC_TEST.csproj", "{6A3BE73E-8C9E-45CE-8621-A77CF31FF456}"
EndProject
Global
	GlobalSection(SolutionConfigurationPlatforms) = preSolution
		Debug|Any CPU = Debug|Any CPU
		Release|Any CPU = Release|Any CPU
	EndGlobalSection
	GlobalSection(ProjectConfigurationPlatforms) = postSolution
		{6A3BE73E-8C9E-45CE-8621-A77CF31FF456}.Debug|Any CPU.ActiveCfg = Debug|Any CPU
		{6A3BE73E-8C9E-45CE-8621-A77CF31FF456}.Debug|Any CPU.Build.0 = Debug|Any CPU
		{6A3BE73E-8C9E-45CE-8621-A77CF31FF456}.Release|Any CPU.ActiveCfg = Release|Any CPU
		{6A3BE73E-8C9E-45CE-8621-A77CF31FF456}.Release|Any CPU.Build.0 = Release|Any CPU
	EndGlobalSection
	GlobalSection(SolutionProperties) = preSolution
		HideSolutionNode = FALSE
	EndGlobalSection
	GlobalSection(ExtensibilityGlobals) = postSolution
		SolutionGuid = {465471B2-E7E0-408A-B8E9-21BD376923B2}
	EndGlobalSection
EndGlobal
