
Microsoft Visual Studio Solution File, Format Version 12.00
# Visual Studio Version 16
VisualStudioVersion = 16.0.29609.76
MinimumVisualStudioVersion = 10.0.40219.1
Project("{FAE04EC0-301F-11D3-BF4B-00C04F79EFBC}") = "TCP_Socket_Server", "TCP_Socket_Server\TCP_Socket_Server.csproj", "{6B837E21-28AC-41B5-867A-794282F9143A}"
EndProject
Global
	GlobalSection(SolutionConfigurationPlatforms) = preSolution
		Debug|Any CPU = Debug|Any CPU
		Release|Any CPU = Release|Any CPU
	EndGlobalSection
	GlobalSection(ProjectConfigurationPlatforms) = postSolution
		{6B837E21-28AC-41B5-867A-794282F9143A}.Debug|Any CPU.ActiveCfg = Debug|Any CPU
		{6B837E21-28AC-41B5-867A-794282F9143A}.Debug|Any CPU.Build.0 = Debug|Any CPU
		{6B837E21-28AC-41B5-867A-794282F9143A}.Release|Any CPU.ActiveCfg = Release|Any CPU
		{6B837E21-28AC-41B5-867A-794282F9143A}.Release|Any CPU.Build.0 = Release|Any CPU
	EndGlobalSection
	GlobalSection(SolutionProperties) = preSolution
		HideSolutionNode = FALSE
	EndGlobalSection
	GlobalSection(ExtensibilityGlobals) = postSolution
		SolutionGuid = {466266B7-A157-4F44-9998-ED621A9AE1C6}
	EndGlobalSection
EndGlobal
