
Microsoft Visual Studio Solution File, Format Version 12.00
# Visual Studio Version 17
VisualStudioVersion = 17.0.31919.166
MinimumVisualStudioVersion = 10.0.40219.1
Project("{FAE04EC0-301F-11D3-BF4B-00C04F79EFBC}") = "SystemDataSet", "SystemDataSet\SystemDataSet.csproj", "{ED9CB1E5-54A7-4DC3-8278-3CAFB643DD95}"
EndProject
Global
	GlobalSection(SolutionConfigurationPlatforms) = preSolution
		Debug|Any CPU = Debug|Any CPU
		Release|Any CPU = Release|Any CPU
	EndGlobalSection
	GlobalSection(ProjectConfigurationPlatforms) = postSolution
		{ED9CB1E5-54A7-4DC3-8278-3CAFB643DD95}.Debug|Any CPU.ActiveCfg = Debug|Any CPU
		{ED9CB1E5-54A7-4DC3-8278-3CAFB643DD95}.Debug|Any CPU.Build.0 = Debug|Any CPU
		{ED9CB1E5-54A7-4DC3-8278-3CAFB643DD95}.Release|Any CPU.ActiveCfg = Release|Any CPU
		{ED9CB1E5-54A7-4DC3-8278-3CAFB643DD95}.Release|Any CPU.Build.0 = Release|Any CPU
	EndGlobalSection
	GlobalSection(SolutionProperties) = preSolution
		HideSolutionNode = FALSE
	EndGlobalSection
	GlobalSection(ExtensibilityGlobals) = postSolution
		SolutionGuid = {0A96D255-A282-4AB5-A9E7-D41A0B6E1FA7}
	EndGlobalSection
EndGlobal
