
Microsoft Visual Studio Solution File, Format Version 12.00
# Visual Studio Version 16
VisualStudioVersion = 16.0.31515.178
MinimumVisualStudioVersion = 10.0.40219.1
Project("{FAE04EC0-301F-11D3-BF4B-00C04F79EFBC}") = "Chapter5_Class", "Chapter5_Class\Chapter5_Class.csproj", "{EC08943E-9093-4186-B973-E133C0331E59}"
EndProject
Global
	GlobalSection(SolutionConfigurationPlatforms) = preSolution
		Debug|Any CPU = Debug|Any CPU
		Release|Any CPU = Release|Any CPU
	EndGlobalSection
	GlobalSection(ProjectConfigurationPlatforms) = postSolution
		{EC08943E-9093-4186-B973-E133C0331E59}.Debug|Any CPU.ActiveCfg = Debug|Any CPU
		{EC08943E-9093-4186-B973-E133C0331E59}.Debug|Any CPU.Build.0 = Debug|Any CPU
		{EC08943E-9093-4186-B973-E133C0331E59}.Release|Any CPU.ActiveCfg = Release|Any CPU
		{EC08943E-9093-4186-B973-E133C0331E59}.Release|Any CPU.Build.0 = Release|Any CPU
	EndGlobalSection
	GlobalSection(SolutionProperties) = preSolution
		HideSolutionNode = FALSE
	EndGlobalSection
	GlobalSection(ExtensibilityGlobals) = postSolution
		SolutionGuid = {2D47AC4D-0D03-4384-A5CE-0237A663BEE1}
	EndGlobalSection
EndGlobal
